
Microsoft Visual Studio Solution File, Format Version 12.00
# Visual Studio Version 17
VisualStudioVersion = 17.9.34728.123
MinimumVisualStudioVersion = 10.0.40219.1
Project("{9A19103F-16F7-4668-BE54-9A1E7A4F7556}") = "AltoControls", "AltoControls\AltoControls.csproj", "{BC91E6CD-29E4-4292-AF0C-2D27A8B93F31}"
EndProject
Project("{FAE04EC0-301F-11D3-BF4B-00C04F79EFBC}") = "Demo", "Demo\Demo.csproj", "{1B541149-F91D-41DA-B15B-092E26EBBC40}"
EndProject
Global
	GlobalSection(SolutionConfigurationPlatforms) = preSolution
		Debug|Any CPU = Debug|Any CPU
		Release|Any CPU = Release|Any CPU
	EndGlobalSection
	GlobalSection(ProjectConfigurationPlatforms) = postSolution
		{BC91E6CD-29E4-4292-AF0C-2D27A8B93F31}.Debug|Any CPU.ActiveCfg = Debug|Any CPU
		{BC91E6CD-29E4-4292-AF0C-2D27A8B93F31}.Debug|Any CPU.Build.0 = Debug|Any CPU
		{BC91E6CD-29E4-4292-AF0C-2D27A8B93F31}.Release|Any CPU.ActiveCfg = Release|Any CPU
		{BC91E6CD-29E4-4292-AF0C-2D27A8B93F31}.Release|Any CPU.Build.0 = Release|Any CPU
		{1B541149-F91D-41DA-B15B-092E26EBBC40}.Debug|Any CPU.ActiveCfg = Debug|Any CPU
		{1B541149-F91D-41DA-B15B-092E26EBBC40}.Debug|Any CPU.Build.0 = Debug|Any CPU
		{1B541149-F91D-41DA-B15B-092E26EBBC40}.Release|Any CPU.ActiveCfg = Release|Any CPU
		{1B541149-F91D-41DA-B15B-092E26EBBC40}.Release|Any CPU.Build.0 = Release|Any CPU
	EndGlobalSection
	GlobalSection(SolutionProperties) = preSolution
		HideSolutionNode = FALSE
	EndGlobalSection
	GlobalSection(ExtensibilityGlobals) = postSolution
		SolutionGuid = {02C67B48-2CB3-4681-907F-6CC8483B5936}
	EndGlobalSection
EndGlobal
